# This file is generated by running "yarn install" inside your project.
# Manual changes might be lost - proceed with caution!

__metadata:
  version: 9
  cacheKey: 10c0

"@babel/runtime@npm:^7.12.5":
  version: 7.29.2
  resolution: "@babel/runtime@npm:7.29.2"
  checksum: 10c0/30b80a0140d16467792e1bbeb06f655b0dab70407da38dfac7fedae9c859f9ae9d846ef14ad77bd3814c064295fe9b1bc551f1541ea14646ae9f22b71a8bc17a
  languageName: node
  linkType: hard

"@esbuild/aix-ppc64@npm:0.28.0":
  version: 0.28.0
  resolution: "@esbuild/aix-ppc64@npm:0.28.0"
  conditions: os=aix & cpu=ppc64
  languageName: node
  linkType: hard

"@esbuild/android-arm64@npm:0.28.0":
  version: 0.28.0
  resolution: "@esbuild/android-arm64@npm:0.28.0"
  conditions: os=android & cpu=arm64
  languageName: node
  linkType: hard

"@esbuild/android-arm@npm:0.28.0":
  version: 0.28.0
  resolution: "@esbuild/android-arm@npm:0.28.0"
  conditions: os=android & cpu=arm
  languageName: node
  linkType: hard

"@esbuild/android-x64@npm:0.28.0":
  version: 0.28.0
  resolution: "@esbuild/android-x64@npm:0.28.0"
  conditions: os=android & cpu=x64
  languageName: node
  linkType: hard

"@esbuild/darwin-arm64@npm:0.28.0":
  version: 0.28.0
  resolution: "@esbuild/darwin-arm64@npm:0.28.0"
  conditions: os=darwin & cpu=arm64
  languageName: node
  linkType: hard

"@esbuild/darwin-x64@npm:0.28.0":
  version: 0.28.0
  resolution: "@esbuild/darwin-x64@npm:0.28.0"
  conditions: os=darwin & cpu=x64
  languageName: node
  linkType: hard

"@esbuild/freebsd-arm64@npm:0.28.0":
  version: 0.28.0
  resolution: "@esbuild/freebsd-arm64@npm:0.28.0"
  conditions: os=freebsd & cpu=arm64
  languageName: node
  linkType: hard

"@esbuild/freebsd-x64@npm:0.28.0":
  version: 0.28.0
  resolution: "@esbuild/freebsd-x64@npm:0.28.0"
  conditions: os=freebsd & cpu=x64
  languageName: node
  linkType: hard

"@esbuild/linux-arm64@npm:0.28.0":
  version: 0.28.0
  resolution: "@esbuild/linux-arm64@npm:0.28.0"
  conditions: os=linux & cpu=arm64
  languageName: node
  linkType: hard

"@esbuild/linux-arm@npm:0.28.0":
  version: 0.28.0
  resolution: "@esbuild/linux-arm@npm:0.28.0"
  conditions: os=linux & cpu=arm
  languageName: node
  linkType: hard

"@esbuild/linux-ia32@npm:0.28.0":
  version: 0.28.0
  resolution: "@esbuild/linux-ia32@npm:0.28.0"
  conditions: os=linux & cpu=ia32
  languageName: node
  linkType: hard

"@esbuild/linux-loong64@npm:0.28.0":
  version: 0.28.0
  resolution: "@esbuild/linux-loong64@npm:0.28.0"
  conditions: os=linux & cpu=loong64
  languageName: node
  linkType: hard

"@esbuild/linux-mips64el@npm:0.28.0":
  version: 0.28.0
  resolution: "@esbuild/linux-mips64el@npm:0.28.0"
  conditions: os=linux & cpu=mips64el
  languageName: node
  linkType: hard

"@esbuild/linux-ppc64@npm:0.28.0":
  version: 0.28.0
  resolution: "@esbuild/linux-ppc64@npm:0.28.0"
  conditions: os=linux & cpu=ppc64
  languageName: node
  linkType: hard

"@esbuild/linux-riscv64@npm:0.28.0":
  version: 0.28.0
  resolution: "@esbuild/linux-riscv64@npm:0.28.0"
  conditions: os=linux & cpu=riscv64
  languageName: node
  linkType: hard

"@esbuild/linux-s390x@npm:0.28.0":
  version: 0.28.0
  resolution: "@esbuild/linux-s390x@npm:0.28.0"
  conditions: os=linux & cpu=s390x
  languageName: node
  linkType: hard

"@esbuild/linux-x64@npm:0.28.0":
  version: 0.28.0
  resolution: "@esbuild/linux-x64@npm:0.28.0"
  conditions: os=linux & cpu=x64
  languageName: node
  linkType: hard

"@esbuild/netbsd-arm64@npm:0.28.0":
  version: 0.28.0
  resolution: "@esbuild/netbsd-arm64@npm:0.28.0"
  conditions: os=netbsd & cpu=arm64
  languageName: node
  linkType: hard

"@esbuild/netbsd-x64@npm:0.28.0":
  version: 0.28.0
  resolution: "@esbuild/netbsd-x64@npm:0.28.0"
  conditions: os=netbsd & cpu=x64
  languageName: node
  linkType: hard

"@esbuild/openbsd-arm64@npm:0.28.0":
  version: 0.28.0
  resolution: "@esbuild/openbsd-arm64@npm:0.28.0"
  conditions: os=openbsd & cpu=arm64
  languageName: node
  linkType: hard

"@esbuild/openbsd-x64@npm:0.28.0":
  version: 0.28.0
  resolution: "@esbuild/openbsd-x64@npm:0.28.0"
  conditions: os=openbsd & cpu=x64
  languageName: node
  linkType: hard

"@esbuild/openharmony-arm64@npm:0.28.0":
  version: 0.28.0
  resolution: "@esbuild/openharmony-arm64@npm:0.28.0"
  conditions: os=openharmony & cpu=arm64
  languageName: node
  linkType: hard

"@esbuild/sunos-x64@npm:0.28.0":
  version: 0.28.0
  resolution: "@esbuild/sunos-x64@npm:0.28.0"
  conditions: os=sunos & cpu=x64
  languageName: node
  linkType: hard

"@esbuild/win32-arm64@npm:0.28.0":
  version: 0.28.0
  resolution: "@esbuild/win32-arm64@npm:0.28.0"
  conditions: os=win32 & cpu=arm64
  languageName: node
  linkType: hard

"@esbuild/win32-ia32@npm:0.28.0":
  version: 0.28.0
  resolution: "@esbuild/win32-ia32@npm:0.28.0"
  conditions: os=win32 & cpu=ia32
  languageName: node
  linkType: hard

"@esbuild/win32-x64@npm:0.28.0":
  version: 0.28.0
  resolution: "@esbuild/win32-x64@npm:0.28.0"
  conditions: os=win32 & cpu=x64
  languageName: node
  linkType: hard

"@matrix-org/matrix-sdk-crypto-wasm@npm:^18.1.0":
  version: 18.2.0
  resolution: "@matrix-org/matrix-sdk-crypto-wasm@npm:18.2.0"
  checksum: 10c0/69f1be775fe84707aa7f1bb6fcfbd84ffa492436a2bda9134702ea3cdafb263babd97244dfa0548bb60d47644bb7786ca3cfd64fea8b10ecd1423ace9eed249b
  languageName: node
  linkType: hard

"@sveltejs/acorn-typescript@npm:^1.0.9":
  version: 1.0.9
  resolution: "@sveltejs/acorn-typescript@npm:1.0.9"
  peerDependencies:
    acorn: ^8.9.0
  checksum: 10c0/3b39f4ba0d364cc510061acbd5ea3cf45bb07478c7a4d34888d0bf6b5b558b9165f425c8840a280b5494feb2b7f213bb4cc0be743b8f1e31976fe2e05518b55a
  languageName: node
  linkType: hard

"@types/events@npm:^3.0.0":
  version: 3.0.3
  resolution: "@types/events@npm:3.0.3"
  checksum: 10c0/3a56f8c51eb4ebc0d05dcadca0c6636c816acc10216ce36c976fad11e54a01f4bb979a07211355686015884753b37f17d74bfdc7aaf4ebb027c1e8a501c7b21d
  languageName: node
  linkType: hard

"acorn@npm:^8.16.0":
  version: 8.16.0
  resolution: "acorn@npm:8.16.0"
  bin:
    acorn: bin/acorn
  checksum: 10c0/c9c52697227661b68d0debaf972222d4f622aa06b185824164e153438afa7b08273432ca43ea792cadb24dada1d46f6f6bb1ef8de9956979288cc1b96bf9914e
  languageName: node
  linkType: hard

"another-json@npm:^0.2.0":
  version: 0.2.0
  resolution: "another-json@npm:0.2.0"
  checksum: 10c0/c13a8fcb3b692c998fa81f88053971c9019766d6ab95f0fb2e03462de56ceffa63b08d85944662f9d490c51cfd1abb4eb71abb72a003f4c4b9ae4b58339aa397
  languageName: node
  linkType: hard

"base-x@npm:^5.0.0":
  version: 5.0.1
  resolution: "base-x@npm:5.0.1"
  checksum: 10c0/4ab6b02262b4fd499b147656f63ce7328bd5f895450401ce58a2f9e87828aea507cf0c320a6d8725389f86e8a48397562661c0bca28ef3276a22821b30f7a713
  languageName: node
  linkType: hard

"bs58@npm:^6.0.0":
  version: 6.0.0
  resolution: "bs58@npm:6.0.0"
  dependencies:
    base-x: "npm:^5.0.0"
  checksum: 10c0/61910839746625ee4f69369f80e2634e2123726caaa1da6b3bcefcf7efcd9bdca86603360fed9664ffdabe0038c51e542c02581c72ca8d44f60329fe1a6bc8f4
  languageName: node
  linkType: hard

"content-type@npm:^1.0.4":
  version: 1.0.5
  resolution: "content-type@npm:1.0.5"
  checksum: 10c0/b76ebed15c000aee4678c3707e0860cb6abd4e680a598c0a26e17f0bfae723ec9cc2802f0ff1bc6e4d80603719010431d2231018373d4dde10f9ccff9dadf5af
  languageName: node
  linkType: hard

"esbuild@npm:^0.28.0":
  version: 0.28.0
  resolution: "esbuild@npm:0.28.0"
  dependencies:
    "@esbuild/aix-ppc64": "npm:0.28.0"
    "@esbuild/android-arm": "npm:0.28.0"
    "@esbuild/android-arm64": "npm:0.28.0"
    "@esbuild/android-x64": "npm:0.28.0"
    "@esbuild/darwin-arm64": "npm:0.28.0"
    "@esbuild/darwin-x64": "npm:0.28.0"
    "@esbuild/freebsd-arm64": "npm:0.28.0"
    "@esbuild/freebsd-x64": "npm:0.28.0"
    "@esbuild/linux-arm": "npm:0.28.0"
    "@esbuild/linux-arm64": "npm:0.28.0"
    "@esbuild/linux-ia32": "npm:0.28.0"
    "@esbuild/linux-loong64": "npm:0.28.0"
    "@esbuild/linux-mips64el": "npm:0.28.0"
    "@esbuild/linux-ppc64": "npm:0.28.0"
    "@esbuild/linux-riscv64": "npm:0.28.0"
    "@esbuild/linux-s390x": "npm:0.28.0"
    "@esbuild/linux-x64": "npm:0.28.0"
    "@esbuild/netbsd-arm64": "npm:0.28.0"
    "@esbuild/netbsd-x64": "npm:0.28.0"
    "@esbuild/openbsd-arm64": "npm:0.28.0"
    "@esbuild/openbsd-x64": "npm:0.28.0"
    "@esbuild/openharmony-arm64": "npm:0.28.0"
    "@esbuild/sunos-x64": "npm:0.28.0"
    "@esbuild/win32-arm64": "npm:0.28.0"
    "@esbuild/win32-ia32": "npm:0.28.0"
    "@esbuild/win32-x64": "npm:0.28.0"
  dependenciesMeta:
    "@esbuild/aix-ppc64":
      optional: true
    "@esbuild/android-arm":
      optional: true
    "@esbuild/android-arm64":
      optional: true
    "@esbuild/android-x64":
      optional: true
    "@esbuild/darwin-arm64":
      optional: true
    "@esbuild/darwin-x64":
      optional: true
    "@esbuild/freebsd-arm64":
      optional: true
    "@esbuild/freebsd-x64":
      optional: true
    "@esbuild/linux-arm":
      optional: true
    "@esbuild/linux-arm64":
      optional: true
    "@esbuild/linux-ia32":
      optional: true
    "@esbuild/linux-loong64":
      optional: true
    "@esbuild/linux-mips64el":
      optional: true
    "@esbuild/linux-ppc64":
      optional: true
    "@esbuild/linux-riscv64":
      optional: true
    "@esbuild/linux-s390x":
      optional: true
    "@esbuild/linux-x64":
      optional: true
    "@esbuild/netbsd-arm64":
      optional: true
    "@esbuild/netbsd-x64":
      optional: true
    "@esbuild/openbsd-arm64":
      optional: true
    "@esbuild/openbsd-x64":
      optional: true
    "@esbuild/openharmony-arm64":
      optional: true
    "@esbuild/sunos-x64":
      optional: true
    "@esbuild/win32-arm64":
      optional: true
    "@esbuild/win32-ia32":
      optional: true
    "@esbuild/win32-x64":
      optional: true
  bin:
    esbuild: bin/esbuild
  checksum: 10c0/8acd95c238ec6c4a9d16163277faf228a8994b642d187b3fe667ffbb469008e6748cde144fdc3c175bf8e78ee49e15a0ed9b9f183fdb5fcea1772f87fb1372a4
  languageName: node
  linkType: hard

"events@npm:^3.2.0, events@npm:^3.3.0":
  version: 3.3.0
  resolution: "events@npm:3.3.0"
  checksum: 10c0/d6b6f2adbccbcda74ddbab52ed07db727ef52e31a61ed26db9feb7dc62af7fc8e060defa65e5f8af9449b86b52cc1a1f6a79f2eafcf4e62add2b7a1fa4a432f6
  languageName: node
  linkType: hard

"is-network-error@npm:^1.3.0":
  version: 1.3.1
  resolution: "is-network-error@npm:1.3.1"
  checksum: 10c0/389b4a4cc6838bc5764c1d4ab8af11ec68c63825d53f7ce9f5a31aa4d2c9e5d33896c052f4c44100911e8db47bcf854c4aae6c03d6b1d84700f7c6aa72d16693
  languageName: node
  linkType: hard

"jwt-decode@npm:^4.0.0":
  version: 4.0.0
  resolution: "jwt-decode@npm:4.0.0"
  checksum: 10c0/de75bbf89220746c388cf6a7b71e56080437b77d2edb29bae1c2155048b02c6b8c59a3e5e8d6ccdfd54f0b8bda25226e491a4f1b55ac5f8da04cfbadec4e546c
  languageName: node
  linkType: hard

"loglevel@npm:^1.9.2":
  version: 1.9.2
  resolution: "loglevel@npm:1.9.2"
  checksum: 10c0/1e317fa4648fe0b4a4cffef6de037340592cee8547b07d4ce97a487abe9153e704b98451100c799b032c72bb89c9366d71c9fb8192ada8703269263ae77acdc7
  languageName: node
  linkType: hard

"matrix-events-sdk@npm:0.0.1":
  version: 0.0.1
  resolution: "matrix-events-sdk@npm:0.0.1"
  checksum: 10c0/b2a248b669f88426e08e19ad105ba7f8ae404fae0e1c6d778e7c95e80aa4b29a77ef76d55513765b0ec7cf3942380cd03604618816f625469ea07661ceca1292
  languageName: node
  linkType: hard

"matrix-js-sdk@npm:^41.4.0-rc.0":
  version: 41.4.0-rc.0
  resolution: "matrix-js-sdk@npm:41.4.0-rc.0"
  dependencies:
    "@babel/runtime": "npm:^7.12.5"
    "@matrix-org/matrix-sdk-crypto-wasm": "npm:^18.1.0"
    another-json: "npm:^0.2.0"
    bs58: "npm:^6.0.0"
    content-type: "npm:^1.0.4"
    jwt-decode: "npm:^4.0.0"
    loglevel: "npm:^1.9.2"
    matrix-events-sdk: "npm:0.0.1"
    matrix-widget-api: "npm:^1.16.1"
    oidc-client-ts: "npm:^3.0.1"
    p-retry: "npm:8"
    sdp-transform: "npm:^3.0.0"
    unhomoglyph: "npm:^1.0.6"
    uuid: "npm:13"
  checksum: 10c0/8469156917b19ca891da01c4e2c96719bc44551a71bee3c095aca81a9ca54a6222a3bf025087ff5ed72991d6581d0fe6155cf4388ea4e20c0a910c7b8c52fc47
  languageName: node
  linkType: hard

"matrix-widget-api@npm:^1.16.1":
  version: 1.17.0
  resolution: "matrix-widget-api@npm:1.17.0"
  dependencies:
    "@types/events": "npm:^3.0.0"
    events: "npm:^3.2.0"
  checksum: 10c0/3651c860900149ecc2fe74640b47687bab8a347eb718a522085189e2b84efe462c9d81c1e8caff08d122f0b3e9cef8303a5802837673e5c9b465f7624c56a8f3
  languageName: node
  linkType: hard

"mix@workspace:.":
  version: 0.0.0-use.local
  resolution: "mix@workspace:."
  dependencies:
    "@sveltejs/acorn-typescript": "npm:^1.0.9"
    acorn: "npm:^8.16.0"
    esbuild: "npm:^0.28.0"
    events: "npm:^3.3.0"
    matrix-js-sdk: "npm:^41.4.0-rc.0"
    typescript: "npm:^6.0.3"
  languageName: unknown
  linkType: soft

"oidc-client-ts@npm:^3.0.1":
  version: 3.5.0
  resolution: "oidc-client-ts@npm:3.5.0"
  dependencies:
    jwt-decode: "npm:^4.0.0"
  checksum: 10c0/93cbb62adbfeee4bf705199a94e5790217f211b85dd988827e555481d4e605a5263292b740f29765ac01528b99486f57bbd96679ffca53d7ef76d8f7f7c9f979
  languageName: node
  linkType: hard

"p-retry@npm:8":
  version: 8.0.0
  resolution: "p-retry@npm:8.0.0"
  dependencies:
    is-network-error: "npm:^1.3.0"
  checksum: 10c0/81a788f35888c3cdb36f97286577c8ba57ccd8e9347db3c6ded79b3e12e2838bcda733753e0c0bdaac77d4620ddfc7e230d3c9a4bcf2fda3a12ea57bcf9443d1
  languageName: node
  linkType: hard

"sdp-transform@npm:^3.0.0":
  version: 3.0.0
  resolution: "sdp-transform@npm:3.0.0"
  bin:
    sdp-verify: checker.js
  checksum: 10c0/828a4595041ba64c86b29075aa4007ab384519b1fa29882db59ccb83b54b2b2a33b60848293f8da537fe151c52f5844fc17c8325396cac309fb19e2e81ec5bf4
  languageName: node
  linkType: hard

"typescript@npm:^6.0.3":
  version: 6.0.3
  resolution: "typescript@npm:6.0.3"
  bin:
    tsc: bin/tsc
    tsserver: bin/tsserver
  checksum: 10c0/4a25ff5045b984370f48f196b3a0120779b1b343d40b9a68d114ea5e5fff099809b2bb777576991a63a5cd59cf7bffd96ff6fe10afcefbcb8bd6fb96ad4b6606
  languageName: node
  linkType: hard

"typescript@patch:typescript@npm%3A^6.0.3#optional!builtin<compat/typescript>":
  version: 6.0.3
  resolution: "typescript@patch:typescript@npm%3A6.0.3#optional!builtin<compat/typescript>::version=6.0.3&hash=5786d5"
  bin:
    tsc: bin/tsc
    tsserver: bin/tsserver
  checksum: 10c0/2f25c74e65663c248fa1ade2b8459d9ce5372ff9dad07067310f132966ebec1d93f6c42f0baf77a6b6a7a91460463f708e6887013aaade22111037457c6b25df
  languageName: node
  linkType: hard

"unhomoglyph@npm:^1.0.6":
  version: 1.0.6
  resolution: "unhomoglyph@npm:1.0.6"
  checksum: 10c0/a720b7eadf3d756351eb66971d10e07c5b4a93fb930d0322604d0ba125dea752f6e2d38959bdc493dc7d50f12df6bb369d14e7e41dffed55602cae10d66c3b29
  languageName: node
  linkType: hard

"uuid@npm:13":
  version: 13.0.0
  resolution: "uuid@npm:13.0.0"
  bin:
    uuid: dist-node/bin/uuid
  checksum: 10c0/950e4c18d57fef6c69675344f5700a08af21e26b9eff2bf2180427564297368c538ea11ac9fb2e6528b17fc3966a9fd2c5049361b0b63c7d654f3c550c9b3d67
  languageName: node
  linkType: hard
